// !$*UTF8*$!
{
	archiveVersion = 1;
	classes = {
	};
	objectVersion = 55;
	objects = {

/* Begin PBXBuildFile section */
		CEFEAAC628E57FAC00CE7205 /* AppDelegate.swift in Sources */ = {isa = PBXBuildFile; fileRef = CEFEAAC528E57FAC00CE7205 /* AppDelegate.swift */; };
		CEFEAAC828E57FAC00CE7205 /* SceneDelegate.swift in Sources */ = {isa = PBXBuildFile; fileRef = CEFEAAC728E57FAC00CE7205 /* SceneDelegate.swift */; };
		CEFEAACA28E57FAC00CE7205 /* ViewController.swift in Sources */ = {isa = PBXBuildFile; fileRef = CEFEAAC928E57FAC00CE7205 /* ViewController.swift */; };
		CEFEAACD28E57FAC00CE7205 /* Main.storyboard in Resources */ = {isa = PBXBuildFile; fileRef = CEFEAACB28E57FAC00CE7205 /* Main.storyboard */; };
		CEFEAACF28E57FAD00CE7205 /* Assets.xcassets in Resources */ = {isa = PBXBuildFile; fileRef = CEFEAACE28E57FAD00CE7205 /* Assets.xcassets */; };
		CEFEAAD228E57FAD00CE7205 /* LaunchScreen.storyboard in Resources */ = {isa = PBXBuildFile; fileRef = CEFEAAD028E57FAD00CE7205 /* LaunchScreen.storyboard */; };
		CEFEAAE028E58B2D00CE7205 /* KeyboardViewController.swift in Sources */ = {isa = PBXBuildFile; fileRef = CEFEAADF28E58B2D00CE7205 /* KeyboardViewController.swift */; };
		CEFEAAE428E58B2D00CE7205 /* CustomKeyboard.appex in Embed App Extensions */ = {isa = PBXBuildFile; fileRef = CEFEAADD28E58B2D00CE7205 /* CustomKeyboard.appex */; settings = {ATTRIBUTES = (RemoveHeadersOnCopy, ); }; };
/* End PBXBuildFile section */

/* Begin PBXContainerItemProxy section */
		CEFEAAE228E58B2D00CE7205 /* PBXContainerItemProxy */ = {
			isa = PBXContainerItemProxy;
			containerPortal = CEFEAABA28E57FAC00CE7205 /* Project object */;
			proxyType = 1;
			remoteGlobalIDString = CEFEAADC28E58B2D00CE7205;
			remoteInfo = CustomKeyboard;
		};
/* End PBXContainerItemProxy section */

/* Begin PBXCopyFilesBuildPhase section */
		CEFEAAE828E58B2E00CE7205 /* Embed App Extensions */ = {
			isa = PBXCopyFilesBuildPhase;
			buildActionMask = 2147483647;
			dstPath = "";
			dstSubfolderSpec = 13;
			files = (
				CEFEAAE428E58B2D00CE7205 /* CustomKeyboard.appex in Embed App Extensions */,
			);
			name = "Embed App Extensions";
			runOnlyForDeploymentPostprocessing = 0;
		};
/* End PBXCopyFilesBuildPhase section */

/* Begin PBXFileReference section */
		CEFEAAC228E57FAC00CE7205 /* DarkMode.app */ = {isa = PBXFileReference; explicitFileType = wrapper.application; includeInIndex = 0; path = DarkMode.app; sourceTree = BUILT_PRODUCTS_DIR; };
		CEFEAAC528E57FAC00CE7205 /* AppDelegate.swift */ = {isa = PBXFileReference; lastKnownFileType = sourcecode.swift; path = AppDelegate.swift; sourceTree = "<group>"; };
		CEFEAAC728E57FAC00CE7205 /* SceneDelegate.swift */ = {isa = PBXFileReference; lastKnownFileType = sourcecode.swift; path = SceneDelegate.swift; sourceTree = "<group>"; };
		CEFEAAC928E57FAC00CE7205 /* ViewController.swift */ = {isa = PBXFileReference; lastKnownFileType = sourcecode.swift; path = ViewController.swift; sourceTree = "<group>"; };
		CEFEAACC28E57FAC00CE7205 /* Base */ = {isa = PBXFileReference; lastKnownFileType = file.storyboard; name = Base; path = Base.lproj/Main.storyboard; sourceTree = "<group>"; };
		CEFEAACE28E57FAD00CE7205 /* Assets.xcassets */ = {isa = PBXFileReference; lastKnownFileType = folder.assetcatalog; path = Assets.xcassets; sourceTree = "<group>"; };
		CEFEAAD128E57FAD00CE7205 /* Base */ = {isa = PBXFileReference; lastKnownFileType = file.storyboard; name = Base; path = Base.lproj/LaunchScreen.storyboard; sourceTree = "<group>"; };
		CEFEAAD328E57FAD00CE7205 /* Info.plist */ = {isa = PBXFileReference; lastKnownFileType = text.plist.xml; path = Info.plist; sourceTree = "<group>"; };
		CEFEAADD28E58B2D00CE7205 /* CustomKeyboard.appex */ = {isa = PBXFileReference; explicitFileType = "wrapper.app-extension"; includeInIndex = 0; path = CustomKeyboard.appex; sourceTree = BUILT_PRODUCTS_DIR; };
		CEFEAADF28E58B2D00CE7205 /* KeyboardViewController.swift */ = {isa = PBXFileReference; lastKnownFileType = sourcecode.swift; path = KeyboardViewController.swift; sourceTree = "<group>"; };
		CEFEAAE128E58B2D00CE7205 /* Info.plist */ = {isa = PBXFileReference; lastKnownFileType = text.plist.xml; path = Info.plist; sourceTree = "<group>"; };
/* End PBXFileReference section */

/* Begin PBXFrameworksBuildPhase section */
		CEFEAABF28E57FAC00CE7205 /* Frameworks */ = {
			isa = PBXFrameworksBuildPhase;
			buildActionMask = 2147483647;
			files = (
			);
			runOnlyForDeploymentPostprocessing = 0;
		};
		CEFEAADA28E58B2D00CE7205 /* Frameworks */ = {
			isa = PBXFrameworksBuildPhase;
			buildActionMask = 2147483647;
			files = (
			);
			runOnlyForDeploymentPostprocessing = 0;
		};
/* End PBXFrameworksBuildPhase section */

/* Begin PBXGroup section */
		CEFEAAB928E57FAC00CE7205 = {
			isa = PBXGroup;
			children = (
				CEFEAAC428E57FAC00CE7205 /* DarkMode */,
				CEFEAADE28E58B2D00CE7205 /* CustomKeyboard */,
				CEFEAAC328E57FAC00CE7205 /* Products */,
			);
			sourceTree = "<group>";
		};
		CEFEAAC328E57FAC00CE7205 /* Products */ = {
			isa = PBXGroup;
			children = (
				CEFEAAC228E57FAC00CE7205 /* DarkMode.app */,
				CEFEAADD28E58B2D00CE7205 /* CustomKeyboard.appex */,
			);
			name = Products;
			sourceTree = "<group>";
		};
		CEFEAAC428E57FAC00CE7205 /* DarkMode */ = {
			isa = PBXGroup;
			children = (
				CEFEAAC528E57FAC00CE7205 /* AppDelegate.swift */,
				CEFEAAC728E57FAC00CE7205 /* SceneDelegate.swift */,
				CEFEAAC928E57FAC00CE7205 /* ViewController.swift */,
				CEFEAACB28E57FAC00CE7205 /* Main.storyboard */,
				CEFEAACE28E57FAD00CE7205 /* Assets.xcassets */,
				CEFEAAD028E57FAD00CE7205 /* LaunchScreen.storyboard */,
				CEFEAAD328E57FAD00CE7205 /* Info.plist */,
			);
			path = DarkMode;
			sourceTree = "<group>";
		};
		CEFEAADE28E58B2D00CE7205 /* CustomKeyboard */ = {
			isa = PBXGroup;
			children = (
				CEFEAADF28E58B2D00CE7205 /* KeyboardViewController.swift */,
				CEFEAAE128E58B2D00CE7205 /* Info.plist */,
			);
			path = CustomKeyboard;
			sourceTree = "<group>";
		};
/* End PBXGroup section */

/* Begin PBXNativeTarget section */
		CEFEAAC128E57FAC00CE7205 /* DarkMode */ = {
			isa = PBXNativeTarget;
			buildConfigurationList = CEFEAAD628E57FAD00CE7205 /* Build configuration list for PBXNativeTarget "DarkMode" */;
			buildPhases = (
				CEFEAABE28E57FAC00CE7205 /* Sources */,
				CEFEAABF28E57FAC00CE7205 /* Frameworks */,
				CEFEAAC028E57FAC00CE7205 /* Resources */,
				CEFEAAE828E58B2E00CE7205 /* Embed App Extensions */,
			);
			buildRules = (
			);
			dependencies = (
				CEFEAAE328E58B2D00CE7205 /* PBXTargetDependency */,
			);
			name = DarkMode;
			productName = DarkMode;
			productReference = CEFEAAC228E57FAC00CE7205 /* DarkMode.app */;
			productType = "com.apple.product-type.application";
		};
		CEFEAADC28E58B2D00CE7205 /* CustomKeyboard */ = {
			isa = PBXNativeTarget;
			buildConfigurationList = CEFEAAE528E58B2E00CE7205 /* Build configuration list for PBXNativeTarget "CustomKeyboard" */;
			buildPhases = (
				CEFEAAD928E58B2D00CE7205 /* Sources */,
				CEFEAADA28E58B2D00CE7205 /* Frameworks */,
				CEFEAADB28E58B2D00CE7205 /* Resources */,
			);
			buildRules = (
			);
			dependencies = (
			);
			name = CustomKeyboard;
			productName = CustomKeyboard;
			productReference = CEFEAADD28E58B2D00CE7205 /* CustomKeyboard.appex */;
			productType = "com.apple.product-type.app-extension";
		};
/* End PBXNativeTarget section */

/* Begin PBXProject section */
		CEFEAABA28E57FAC00CE7205 /* Project object */ = {
			isa = PBXProject;
			attributes = {
				BuildIndependentTargetsInParallel = 1;
				LastSwiftUpdateCheck = 1320;
				LastUpgradeCheck = 1320;
				TargetAttributes = {
					CEFEAAC128E57FAC00CE7205 = {
						CreatedOnToolsVersion = 13.2.1;
					};
					CEFEAADC28E58B2D00CE7205 = {
						CreatedOnToolsVersion = 13.2.1;
					};
				};
			};
			buildConfigurationList = CEFEAABD28E57FAC00CE7205 /* Build configuration list for PBXProject "DarkMode" */;
			compatibilityVersion = "Xcode 13.0";
			developmentRegion = en;
			hasScannedForEncodings = 0;
			knownRegions = (
				en,
				Base,
			);
			mainGroup = CEFEAAB928E57FAC00CE7205;
			productRefGroup = CEFEAAC328E57FAC00CE7205 /* Products */;
			projectDirPath = "";
			projectRoot = "";
			targets = (
				CEFEAAC128E57FAC00CE7205 /* DarkMode */,
				CEFEAADC28E58B2D00CE7205 /* CustomKeyboard */,
			);
		};
/* End PBXProject section */

/* Begin PBXResourcesBuildPhase section */
		CEFEAAC028E57FAC00CE7205 /* Resources */ = {
			isa = PBXResourcesBuildPhase;
			buildActionMask = 2147483647;
			files = (
				CEFEAAD228E57FAD00CE7205 /* LaunchScreen.storyboard in Resources */,
				CEFEAACF28E57FAD00CE7205 /* Assets.xcassets in Resources */,
				CEFEAACD28E57FAC00CE7205 /* Main.storyboard in Resources */,
			);
			runOnlyForDeploymentPostprocessing = 0;
		};
		CEFEAADB28E58B2D00CE7205 /* Resources */ = {
			isa = PBXResourcesBuildPhase;
			buildActionMask = 2147483647;
			files = (
			);
			runOnlyForDeploymentPostprocessing = 0;
		};
/* End PBXResourcesBuildPhase section */

/* Begin PBXSourcesBuildPhase section */
		CEFEAABE28E57FAC00CE7205 /* Sources */ = {
			isa = PBXSourcesBuildPhase;
			buildActionMask = 2147483647;
			files = (
				CEFEAACA28E57FAC00CE7205 /* ViewController.swift in Sources */,
				CEFEAAC628E57FAC00CE7205 /* AppDelegate.swift in Sources */,
				CEFEAAC828E57FAC00CE7205 /* SceneDelegate.swift in Sources */,
			);
			runOnlyForDeploymentPostprocessing = 0;
		};
		CEFEAAD928E58B2D00CE7205 /* Sources */ = {
			isa = PBXSourcesBuildPhase;
			buildActionMask = 2147483647;
			files = (
				CEFEAAE028E58B2D00CE7205 /* KeyboardViewController.swift in Sources */,
			);
			runOnlyForDeploymentPostprocessing = 0;
		};
/* End PBXSourcesBuildPhase section */

/* Begin PBXTargetDependency section */
		CEFEAAE328E58B2D00CE7205 /* PBXTargetDependency */ = {
			isa = PBXTargetDependency;
			target = CEFEAADC28E58B2D00CE7205 /* CustomKeyboard */;
			targetProxy = CEFEAAE228E58B2D00CE7205 /* PBXContainerItemProxy */;
		};
/* End PBXTargetDependency section */

/* Begin PBXVariantGroup section */
		CEFEAACB28E57FAC00CE7205 /* Main.storyboard */ = {
			isa = PBXVariantGroup;
			children = (
				CEFEAACC28E57FAC00CE7205 /* Base */,
			);
			name = Main.storyboard;
			sourceTree = "<group>";
		};
		CEFEAAD028E57FAD00CE7205 /* LaunchScreen.storyboard */ = {
			isa = PBXVariantGroup;
			children = (
				CEFEAAD128E57FAD00CE7205 /* Base */,
			);
			name = LaunchScreen.storyboard;
			sourceTree = "<group>";
		};
/* End PBXVariantGroup section */

/* Begin XCBuildConfiguration section */
		CEFEAAD428E57FAD00CE7205 /* Debug */ = {
			isa = XCBuildConfiguration;
			buildSettings = {
				ALWAYS_SEARCH_USER_PATHS = NO;
				CLANG_ANALYZER_NONNULL = YES;
				CLANG_ANALYZER_NUMBER_OBJECT_CONVERSION = YES_AGGRESSIVE;
				CLANG_CXX_LANGUAGE_STANDARD = "gnu++17";
				CLANG_CXX_LIBRARY = "libc++";
				CLANG_ENABLE_MODULES = YES;
				CLANG_ENABLE_OBJC_ARC = YES;
				CLANG_ENABLE_OBJC_WEAK = YES;
				CLANG_WARN_BLOCK_CAPTURE_AUTORELEASING = YES;
				CLANG_WARN_BOOL_CONVERSION = YES;
				CLANG_WARN_COMMA = YES;
				CLANG_WARN_CONSTANT_CONVERSION = YES;
				CLANG_WARN_DEPRECATED_OBJC_IMPLEMENTATIONS = YES;
				CLANG_WARN_DIRECT_OBJC_ISA_USAGE = YES_ERROR;
				CLANG_WARN_DOCUMENTATION_COMMENTS = YES;
				CLANG_WARN_EMPTY_BODY = YES;
				CLANG_WARN_ENUM_CONVERSION = YES;
				CLANG_WARN_INFINITE_RECURSION = YES;
				CLANG_WARN_INT_CONVERSION = YES;
				CLANG_WARN_NON_LITERAL_NULL_CONVERSION = YES;
				CLANG_WARN_OBJC_IMPLICIT_RETAIN_SELF = YES;
				CLANG_WARN_OBJC_LITERAL_CONVERSION = YES;
				CLANG_WARN_OBJC_ROOT_CLASS = YES_ERROR;
				CLANG_WARN_QUOTED_INCLUDE_IN_FRAMEWORK_HEADER = YES;
				CLANG_WARN_RANGE_LOOP_ANALYSIS = YES;
				CLANG_WARN_STRICT_PROTOTYPES = YES;
				CLANG_WARN_SUSPICIOUS_MOVE = YES;
				CLANG_WARN_UNGUARDED_AVAILABILITY = YES_AGGRESSIVE;
				CLANG_WARN_UNREACHABLE_CODE = YES;
				CLANG_WARN__DUPLICATE_METHOD_MATCH = YES;
				COPY_PHASE_STRIP = NO;
				DEBUG_INFORMATION_FORMAT = dwarf;
				ENABLE_STRICT_OBJC_MSGSEND = YES;
				ENABLE_TESTABILITY = YES;
				GCC_C_LANGUAGE_STANDARD = gnu11;
				GCC_DYNAMIC_NO_PIC = NO;
				GCC_NO_COMMON_BLOCKS = YES;
				GCC_OPTIMIZATION_LEVEL = 0;
				GCC_PREPROCESSOR_DEFINITIONS = (
					"DEBUG=1",
					"$(inherited)",
				);
				GCC_WARN_64_TO_32_BIT_CONVERSION = YES;
				GCC_WARN_ABOUT_RETURN_TYPE = YES_ERROR;
				GCC_WARN_UNDECLARED_SELECTOR = YES;
				GCC_WARN_UNINITIALIZED_AUTOS = YES_AGGRESSIVE;
				GCC_WARN_UNUSED_FUNCTION = YES;
				GCC_WARN_UNUSED_VARIABLE = YES;
				IPHONEOS_DEPLOYMENT_TARGET = 15.2;
				MTL_ENABLE_DEBUG_INFO = INCLUDE_SOURCE;
				MTL_FAST_MATH = YES;
				ONLY_ACTIVE_ARCH = YES;
				SDKROOT = iphoneos;
				SWIFT_ACTIVE_COMPILATION_CONDITIONS = DEBUG;
				SWIFT_OPTIMIZATION_LEVEL = "-Onone";
			};
			name = Debug;
		};
		CEFEAAD528E57FAD00CE7205 /* Release */ = {
			isa = XCBuildConfiguration;
			buildSettings = {
				ALWAYS_SEARCH_USER_PATHS = NO;
				CLANG_ANALYZER_NONNULL = YES;
				CLANG_ANALYZER_NUMBER_OBJECT_CONVERSION = YES_AGGRESSIVE;
				CLANG_CXX_LANGUAGE_STANDARD = "gnu++17";
				CLANG_CXX_LIBRARY = "libc++";
				CLANG_ENABLE_MODULES = YES;
				CLANG_ENABLE_OBJC_ARC = YES;
				CLANG_ENABLE_OBJC_WEAK = YES;
				CLANG_WARN_BLOCK_CAPTURE_AUTORELEASING = YES;
				CLANG_WARN_BOOL_CONVERSION = YES;
				CLANG_WARN_COMMA = YES;
				CLANG_WARN_CONSTANT_CONVERSION = YES;
				CLANG_WARN_DEPRECATED_OBJC_IMPLEMENTATIONS = YES;
				CLANG_WARN_DIRECT_OBJC_ISA_USAGE = YES_ERROR;
				CLANG_WARN_DOCUMENTATION_COMMENTS = YES;
				CLANG_WARN_EMPTY_BODY = YES;
				CLANG_WARN_ENUM_CONVERSION = YES;
				CLANG_WARN_INFINITE_RECURSION = YES;
				CLANG_WARN_INT_CONVERSION = YES;
				CLANG_WARN_NON_LITERAL_NULL_CONVERSION = YES;
				CLANG_WARN_OBJC_IMPLICIT_RETAIN_SELF = YES;
				CLANG_WARN_OBJC_LITERAL_CONVERSION = YES;
				CLANG_WARN_OBJC_ROOT_CLASS = YES_ERROR;
				CLANG_WARN_QUOTED_INCLUDE_IN_FRAMEWORK_HEADER = YES;
				CLANG_WARN_RANGE_LOOP_ANALYSIS = YES;
				CLANG_WARN_STRICT_PROTOTYPES = YES;
				CLANG_WARN_SUSPICIOUS_MOVE = YES;
				CLANG_WARN_UNGUARDED_AVAILABILITY = YES_AGGRESSIVE;
				CLANG_WARN_UNREACHABLE_CODE = YES;
				CLANG_WARN__DUPLICATE_METHOD_MATCH = YES;
				COPY_PHASE_STRIP = NO;
				DEBUG_INFORMATION_FORMAT = "dwarf-with-dsym";
				ENABLE_NS_ASSERTIONS = NO;
				ENABLE_STRICT_OBJC_MSGSEND = YES;
				GCC_C_LANGUAGE_STANDARD = gnu11;
				GCC_NO_COMMON_BLOCKS = YES;
				GCC_WARN_64_TO_32_BIT_CONVERSION = YES;
				GCC_WARN_ABOUT_RETURN_TYPE = YES_ERROR;
				GCC_WARN_UNDECLARED_SELECTOR = YES;
				GCC_WARN_UNINITIALIZED_AUTOS = YES_AGGRESSIVE;
				GCC_WARN_UNUSED_FUNCTION = YES;
				GCC_WARN_UNUSED_VARIABLE = YES;
				IPHONEOS_DEPLOYMENT_TARGET = 15.2;
				MTL_ENABLE_DEBUG_INFO = NO;
				MTL_FAST_MATH = YES;
				SDKROOT = iphoneos;
				SWIFT_COMPILATION_MODE = wholemodule;
				SWIFT_OPTIMIZATION_LEVEL = "-O";
				VALIDATE_PRODUCT = YES;
			};
			name = Release;
		};
		CEFEAAD728E57FAD00CE7205 /* Debug */ = {
			isa = XCBuildConfiguration;
			buildSettings = {
				ALWAYS_EMBED_SWIFT_STANDARD_LIBRARIES = YES;
				ASSETCATALOG_COMPILER_APPICON_NAME = AppIcon;
				ASSETCATALOG_COMPILER_GLOBAL_ACCENT_COLOR_NAME = AccentColor;
				CODE_SIGN_STYLE = Automatic;
				CURRENT_PROJECT_VERSION = 1;
				DEVELOPMENT_TEAM = 7FR7T98PVQ;
				GENERATE_INFOPLIST_FILE = YES;
				INFOPLIST_FILE = DarkMode/Info.plist;
				INFOPLIST_KEY_UIApplicationSupportsIndirectInputEvents = YES;
				INFOPLIST_KEY_UILaunchStoryboardName = LaunchScreen;
				INFOPLIST_KEY_UIMainStoryboardFile = Main;
				INFOPLIST_KEY_UISupportedInterfaceOrientations_iPad = "UIInterfaceOrientationPortrait UIInterfaceOrientationPortraitUpsideDown UIInterfaceOrientationLandscapeLeft UIInterfaceOrientationLandscapeRight";
				INFOPLIST_KEY_UISupportedInterfaceOrientations_iPhone = "UIInterfaceOrientationPortrait UIInterfaceOrientationLandscapeLeft UIInterfaceOrientationLandscapeRight";
				LD_RUNPATH_SEARCH_PATHS = (
					"$(inherited)",
					"@executable_path/Frameworks",
				);
				MARKETING_VERSION = 1.0;
				PRODUCT_BUNDLE_IDENTIFIER = com.opensource.darkmode;
				PRODUCT_NAME = "$(TARGET_NAME)";
				SWIFT_EMIT_LOC_STRINGS = YES;
				SWIFT_VERSION = 5.0;
				TARGETED_DEVICE_FAMILY = "1,2";
			};
			name = Debug;
		};
		CEFEAAD828E57FAD00CE7205 /* Release */ = {
			isa = XCBuildConfiguration;
			buildSettings = {
				ALWAYS_EMBED_SWIFT_STANDARD_LIBRARIES = YES;
				ASSETCATALOG_COMPILER_APPICON_NAME = AppIcon;
				ASSETCATALOG_COMPILER_GLOBAL_ACCENT_COLOR_NAME = AccentColor;
				CODE_SIGN_STYLE = Automatic;
				CURRENT_PROJECT_VERSION = 1;
				DEVELOPMENT_TEAM = 7FR7T98PVQ;
				GENERATE_INFOPLIST_FILE = YES;
				INFOPLIST_FILE = DarkMode/Info.plist;
				INFOPLIST_KEY_UIApplicationSupportsIndirectInputEvents = YES;
				INFOPLIST_KEY_UILaunchStoryboardName = LaunchScreen;
				INFOPLIST_KEY_UIMainStoryboardFile = Main;
				INFOPLIST_KEY_UISupportedInterfaceOrientations_iPad = "UIInterfaceOrientationPortrait UIInterfaceOrientationPortraitUpsideDown UIInterfaceOrientationLandscapeLeft UIInterfaceOrientationLandscapeRight";
				INFOPLIST_KEY_UISupportedInterfaceOrientations_iPhone = "UIInterfaceOrientationPortrait UIInterfaceOrientationLandscapeLeft UIInterfaceOrientationLandscapeRight";
				LD_RUNPATH_SEARCH_PATHS = (
					"$(inherited)",
					"@executable_path/Frameworks",
				);
				MARKETING_VERSION = 1.0;
				PRODUCT_BUNDLE_IDENTIFIER = com.opensource.darkmode;
				PRODUCT_NAME = "$(TARGET_NAME)";
				SWIFT_EMIT_LOC_STRINGS = YES;
				SWIFT_VERSION = 5.0;
				TARGETED_DEVICE_FAMILY = "1,2";
			};
			name = Release;
		};
		CEFEAAE628E58B2E00CE7205 /* Debug */ = {
			isa = XCBuildConfiguration;
			buildSettings = {
				CODE_SIGN_STYLE = Automatic;
				CURRENT_PROJECT_VERSION = 1;
				DEVELOPMENT_TEAM = 7FR7T98PVQ;
				GENERATE_INFOPLIST_FILE = YES;
				INFOPLIST_FILE = CustomKeyboard/Info.plist;
				INFOPLIST_KEY_CFBundleDisplayName = CustomKeyboard;
				INFOPLIST_KEY_NSHumanReadableCopyright = "";
				LD_RUNPATH_SEARCH_PATHS = (
					"$(inherited)",
					"@executable_path/Frameworks",
					"@executable_path/../../Frameworks",
				);
				MARKETING_VERSION = 1.0;
				PRODUCT_BUNDLE_IDENTIFIER = com.opensource.darkmode.customkeyboard;
				PRODUCT_NAME = "$(TARGET_NAME)";
				SKIP_INSTALL = YES;
				SWIFT_EMIT_LOC_STRINGS = YES;
				SWIFT_VERSION = 5.0;
				TARGETED_DEVICE_FAMILY = "1,2";
			};
			name = Debug;
		};
		CEFEAAE728E58B2E00CE7205 /* Release */ = {
			isa = XCBuildConfiguration;
			buildSettings = {
				CODE_SIGN_STYLE = Automatic;
				CURRENT_PROJECT_VERSION = 1;
				DEVELOPMENT_TEAM = 7FR7T98PVQ;
				GENERATE_INFOPLIST_FILE = YES;
				INFOPLIST_FILE = CustomKeyboard/Info.plist;
				INFOPLIST_KEY_CFBundleDisplayName = CustomKeyboard;
				INFOPLIST_KEY_NSHumanReadableCopyright = "";
				LD_RUNPATH_SEARCH_PATHS = (
					"$(inherited)",
					"@executable_path/Frameworks",
					"@executable_path/../../Frameworks",
				);
				MARKETING_VERSION = 1.0;
				PRODUCT_BUNDLE_IDENTIFIER = com.opensource.darkmode.customkeyboard;
				PRODUCT_NAME = "$(TARGET_NAME)";
				SKIP_INSTALL = YES;
				SWIFT_EMIT_LOC_STRINGS = YES;
				SWIFT_VERSION = 5.0;
				TARGETED_DEVICE_FAMILY = "1,2";
			};
			name = Release;
		};
/* End XCBuildConfiguration section */

/* Begin XCConfigurationList section */
		CEFEAABD28E57FAC00CE7205 /* Build configuration list for PBXProject "DarkMode" */ = {
			isa = XCConfigurationList;
			buildConfigurations = (
				CEFEAAD428E57FAD00CE7205 /* Debug */,
				CEFEAAD528E57FAD00CE7205 /* Release */,
			);
			defaultConfigurationIsVisible = 0;
			defaultConfigurationName = Release;
		};
		CEFEAAD628E57FAD00CE7205 /* Build configuration list for PBXNativeTarget "DarkMode" */ = {
			isa = XCConfigurationList;
			buildConfigurations = (
				CEFEAAD728E57FAD00CE7205 /* Debug */,
				CEFEAAD828E57FAD00CE7205 /* Release */,
			);
			defaultConfigurationIsVisible = 0;
			defaultConfigurationName = Release;
		};
		CEFEAAE528E58B2E00CE7205 /* Build configuration list for PBXNativeTarget "CustomKeyboard" */ = {
			isa = XCConfigurationList;
			buildConfigurations = (
				CEFEAAE628E58B2E00CE7205 /* Debug */,
				CEFEAAE728E58B2E00CE7205 /* Release */,
			);
			defaultConfigurationIsVisible = 0;
			defaultConfigurationName = Release;
		};
/* End XCConfigurationList section */
	};
	rootObject = CEFEAABA28E57FAC00CE7205 /* Project object */;
}
